
Microsoft Visual Studio Solution File, Format Version 12.00
# Visual Studio 15
VisualStudioVersion = 15.0.28307.271
MinimumVisualStudioVersion = 10.0.40219.1
Project("{FAE04EC0-301F-11D3-BF4B-00C04F79EFBC}") = "QIQO.Monitor.SQLServer", "QIQO.Monitor.SQLServer\QIQO.Monitor.SQLServer.csproj", "{D36DD3C2-0969-44DB-AB1F-6046560FB87C}"
EndProject
Project("{FAE04EC0-301F-11D3-BF4B-00C04F79EFBC}") = "QIQO.Monitor.SQLServer.Data", "QIQO.Monitor.SQLServer.Data\QIQO.Monitor.SQLServer.Data.csproj", "{919D4E2A-0CE2-4A6C-9EE0-2E3136E4851F}"
EndProject
Project("{9A19103F-16F7-4668-BE54-9A1E7A4F7556}") = "QIQO.Monitor.Core", "QIQO.Monitor.Core\QIQO.Monitor.Core.csproj", "{6B382562-429E-4792-BDA2-DE0563C345FE}"
EndProject
Global
	GlobalSection(SolutionConfigurationPlatforms) = preSolution
		Debug|Any CPU = Debug|Any CPU
		Release|Any CPU = Release|Any CPU
	EndGlobalSection
	GlobalSection(ProjectConfigurationPlatforms) = postSolution
		{D36DD3C2-0969-44DB-AB1F-6046560FB87C}.Debug|Any CPU.ActiveCfg = Debug|Any CPU
		{D36DD3C2-0969-44DB-AB1F-6046560FB87C}.Debug|Any CPU.Build.0 = Debug|Any CPU
		{D36DD3C2-0969-44DB-AB1F-6046560FB87C}.Release|Any CPU.ActiveCfg = Release|Any CPU
		{D36DD3C2-0969-44DB-AB1F-6046560FB87C}.Release|Any CPU.Build.0 = Release|Any CPU
		{919D4E2A-0CE2-4A6C-9EE0-2E3136E4851F}.Debug|Any CPU.ActiveCfg = Debug|Any CPU
		{919D4E2A-0CE2-4A6C-9EE0-2E3136E4851F}.Debug|Any CPU.Build.0 = Debug|Any CPU
		{919D4E2A-0CE2-4A6C-9EE0-2E3136E4851F}.Release|Any CPU.ActiveCfg = Release|Any CPU
		{919D4E2A-0CE2-4A6C-9EE0-2E3136E4851F}.Release|Any CPU.Build.0 = Release|Any CPU
		{6B382562-429E-4792-BDA2-DE0563C345FE}.Debug|Any CPU.ActiveCfg = Debug|Any CPU
		{6B382562-429E-4792-BDA2-DE0563C345FE}.Debug|Any CPU.Build.0 = Debug|Any CPU
		{6B382562-429E-4792-BDA2-DE0563C345FE}.Release|Any CPU.ActiveCfg = Release|Any CPU
		{6B382562-429E-4792-BDA2-DE0563C345FE}.Release|Any CPU.Build.0 = Release|Any CPU
	EndGlobalSection
	GlobalSection(SolutionProperties) = preSolution
		HideSolutionNode = FALSE
	EndGlobalSection
	GlobalSection(ExtensibilityGlobals) = postSolution
		SolutionGuid = {042A8F3A-D813-4112-A834-59063F77534F}
	EndGlobalSection
EndGlobal
