
Microsoft Visual Studio Solution File, Format Version 12.00
# Visual Studio 15
VisualStudioVersion = 15.0.28307.271
MinimumVisualStudioVersion = 10.0.40219.1
Project("{9A19103F-16F7-4668-BE54-9A1E7A4F7556}") = "QIQO.Monitor.SQLServer.Data", "QIQO.Monitor.SQLServer.Data\QIQO.Monitor.SQLServer.Data.csproj", "{919D4E2A-0CE2-4A6C-9EE0-2E3136E4851F}"
EndProject
Project("{9A19103F-16F7-4668-BE54-9A1E7A4F7556}") = "QIQO.Monitor.Core", "QIQO.Monitor.Core\QIQO.Monitor.Core.csproj", "{6B382562-429E-4792-BDA2-DE0563C345FE}"
EndProject
Project("{9A19103F-16F7-4668-BE54-9A1E7A4F7556}") = "QIQO.Monitor.Tests", "QIQO.Monitor.Tests\QIQO.Monitor.Tests.csproj", "{1E5F65E8-241A-4795-8475-CCD5C01B2BF2}"
EndProject
Project("{FAE04EC0-301F-11D3-BF4B-00C04F79EFBC}") = "QIQO.Monitor.Api", "QIQO.Monitor.Api\QIQO.Monitor.Api.csproj", "{A8726579-6FA3-4BCD-92AC-200E21167CF9}"
EndProject
Project("{FAE04EC0-301F-11D3-BF4B-00C04F79EFBC}") = "QIQO.Monitor.Service", "QIQO.Monitor.Service\QIQO.Monitor.Service.csproj", "{D7227A0B-6A96-49B0-B678-DBCC8842ECD8}"
EndProject
Global
	GlobalSection(SolutionConfigurationPlatforms) = preSolution
		Debug|Any CPU = Debug|Any CPU
		Release|Any CPU = Release|Any CPU
	EndGlobalSection
	GlobalSection(ProjectConfigurationPlatforms) = postSolution
		{919D4E2A-0CE2-4A6C-9EE0-2E3136E4851F}.Debug|Any CPU.ActiveCfg = Debug|Any CPU
		{919D4E2A-0CE2-4A6C-9EE0-2E3136E4851F}.Debug|Any CPU.Build.0 = Debug|Any CPU
		{919D4E2A-0CE2-4A6C-9EE0-2E3136E4851F}.Release|Any CPU.ActiveCfg = Release|Any CPU
		{919D4E2A-0CE2-4A6C-9EE0-2E3136E4851F}.Release|Any CPU.Build.0 = Release|Any CPU
		{6B382562-429E-4792-BDA2-DE0563C345FE}.Debug|Any CPU.ActiveCfg = Debug|Any CPU
		{6B382562-429E-4792-BDA2-DE0563C345FE}.Debug|Any CPU.Build.0 = Debug|Any CPU
		{6B382562-429E-4792-BDA2-DE0563C345FE}.Release|Any CPU.ActiveCfg = Release|Any CPU
		{6B382562-429E-4792-BDA2-DE0563C345FE}.Release|Any CPU.Build.0 = Release|Any CPU
		{1E5F65E8-241A-4795-8475-CCD5C01B2BF2}.Debug|Any CPU.ActiveCfg = Debug|Any CPU
		{1E5F65E8-241A-4795-8475-CCD5C01B2BF2}.Debug|Any CPU.Build.0 = Debug|Any CPU
		{1E5F65E8-241A-4795-8475-CCD5C01B2BF2}.Release|Any CPU.ActiveCfg = Release|Any CPU
		{1E5F65E8-241A-4795-8475-CCD5C01B2BF2}.Release|Any CPU.Build.0 = Release|Any CPU
		{A8726579-6FA3-4BCD-92AC-200E21167CF9}.Debug|Any CPU.ActiveCfg = Debug|Any CPU
		{A8726579-6FA3-4BCD-92AC-200E21167CF9}.Debug|Any CPU.Build.0 = Debug|Any CPU
		{A8726579-6FA3-4BCD-92AC-200E21167CF9}.Release|Any CPU.ActiveCfg = Release|Any CPU
		{A8726579-6FA3-4BCD-92AC-200E21167CF9}.Release|Any CPU.Build.0 = Release|Any CPU
		{D7227A0B-6A96-49B0-B678-DBCC8842ECD8}.Debug|Any CPU.ActiveCfg = Debug|Any CPU
		{D7227A0B-6A96-49B0-B678-DBCC8842ECD8}.Debug|Any CPU.Build.0 = Debug|Any CPU
		{D7227A0B-6A96-49B0-B678-DBCC8842ECD8}.Release|Any CPU.ActiveCfg = Release|Any CPU
		{D7227A0B-6A96-49B0-B678-DBCC8842ECD8}.Release|Any CPU.Build.0 = Release|Any CPU
	EndGlobalSection
	GlobalSection(SolutionProperties) = preSolution
		HideSolutionNode = FALSE
	EndGlobalSection
	GlobalSection(ExtensibilityGlobals) = postSolution
		SolutionGuid = {042A8F3A-D813-4112-A834-59063F77534F}
	EndGlobalSection
EndGlobal
